// !$*UTF8*$!
{
	archiveVersion = 1;
	classes = {
	};
	objectVersion = 50;
	objects = {

/* Begin PBXBuildFile section */
		2519B32E227C9D9D00F8A171 /* AppDelegate.swift in Sources */ = {isa = PBXBuildFile; fileRef = 2519B32D227C9D9D00F8A171 /* AppDelegate.swift */; };
		2519B330227C9D9D00F8A171 /* ViewController.swift in Sources */ = {isa = PBXBuildFile; fileRef = 2519B32F227C9D9D00F8A171 /* ViewController.swift */; };
		2519B333227C9D9D00F8A171 /* Main.storyboard in Resources */ = {isa = PBXBuildFile; fileRef = 2519B331227C9D9D00F8A171 /* Main.storyboard */; };
		2519B335227C9D9F00F8A171 /* Assets.xcassets in Resources */ = {isa = PBXBuildFile; fileRef = 2519B334227C9D9F00F8A171 /* Assets.xcassets */; };
		2519B338227C9D9F00F8A171 /* LaunchScreen.storyboard in Resources */ = {isa = PBXBuildFile; fileRef = 2519B336227C9D9F00F8A171 /* LaunchScreen.storyboard */; };
		2519B343227C9D9F00F8A171 /* Lottie_Example_SwiftTests.swift in Sources */ = {isa = PBXBuildFile; fileRef = 2519B342227C9D9F00F8A171 /* Lottie_Example_SwiftTests.swift */; };
		2519B34E227C9D9F00F8A171 /* Lottie_Example_SwiftUITests.swift in Sources */ = {isa = PBXBuildFile; fileRef = 2519B34D227C9D9F00F8A171 /* Lottie_Example_SwiftUITests.swift */; };
/* End PBXBuildFile section */

/* Begin PBXContainerItemProxy section */
		2519B33F227C9D9F00F8A171 /* PBXContainerItemProxy */ = {
			isa = PBXContainerItemProxy;
			containerPortal = 2519B322227C9D9D00F8A171 /* Project object */;
			proxyType = 1;
			remoteGlobalIDString = 2519B329227C9D9D00F8A171;
			remoteInfo = "Lottie-Example-Swift";
		};
		2519B34A227C9D9F00F8A171 /* PBXContainerItemProxy */ = {
			isa = PBXContainerItemProxy;
			containerPortal = 2519B322227C9D9D00F8A171 /* Project object */;
			proxyType = 1;
			remoteGlobalIDString = 2519B329227C9D9D00F8A171;
			remoteInfo = "Lottie-Example-Swift";
		};
/* End PBXContainerItemProxy section */

/* Begin PBXFileReference section */
		2519B32A227C9D9D00F8A171 /* Lottie-Example-Swift.app */ = {isa = PBXFileReference; explicitFileType = wrapper.application; includeInIndex = 0; path = "Lottie-Example-Swift.app"; sourceTree = BUILT_PRODUCTS_DIR; };
		2519B32D227C9D9D00F8A171 /* AppDelegate.swift */ = {isa = PBXFileReference; lastKnownFileType = sourcecode.swift; path = AppDelegate.swift; sourceTree = "<group>"; };
		2519B32F227C9D9D00F8A171 /* ViewController.swift */ = {isa = PBXFileReference; lastKnownFileType = sourcecode.swift; path = ViewController.swift; sourceTree = "<group>"; };
		2519B332227C9D9D00F8A171 /* Base */ = {isa = PBXFileReference; lastKnownFileType = file.storyboard; name = Base; path = Base.lproj/Main.storyboard; sourceTree = "<group>"; };
		2519B334227C9D9F00F8A171 /* Assets.xcassets */ = {isa = PBXFileReference; lastKnownFileType = folder.assetcatalog; path = Assets.xcassets; sourceTree = "<group>"; };
		2519B337227C9D9F00F8A171 /* Base */ = {isa = PBXFileReference; lastKnownFileType = file.storyboard; name = Base; path = Base.lproj/LaunchScreen.storyboard; sourceTree = "<group>"; };
		2519B339227C9D9F00F8A171 /* Info.plist */ = {isa = PBXFileReference; lastKnownFileType = text.plist.xml; path = Info.plist; sourceTree = "<group>"; };
		2519B33E227C9D9F00F8A171 /* Lottie-Example-SwiftTests.xctest */ = {isa = PBXFileReference; explicitFileType = wrapper.cfbundle; includeInIndex = 0; path = "Lottie-Example-SwiftTests.xctest"; sourceTree = BUILT_PRODUCTS_DIR; };
		2519B342227C9D9F00F8A171 /* Lottie_Example_SwiftTests.swift */ = {isa = PBXFileReference; lastKnownFileType = sourcecode.swift; path = Lottie_Example_SwiftTests.swift; sourceTree = "<group>"; };
		2519B344227C9D9F00F8A171 /* Info.plist */ = {isa = PBXFileReference; lastKnownFileType = text.plist.xml; path = Info.plist; sourceTree = "<group>"; };
		2519B349227C9D9F00F8A171 /* Lottie-Example-SwiftUITests.xctest */ = {isa = PBXFileReference; explicitFileType = wrapper.cfbundle; includeInIndex = 0; path = "Lottie-Example-SwiftUITests.xctest"; sourceTree = BUILT_PRODUCTS_DIR; };
		2519B34D227C9D9F00F8A171 /* Lottie_Example_SwiftUITests.swift */ = {isa = PBXFileReference; lastKnownFileType = sourcecode.swift; path = Lottie_Example_SwiftUITests.swift; sourceTree = "<group>"; };
		2519B34F227C9D9F00F8A171 /* Info.plist */ = {isa = PBXFileReference; lastKnownFileType = text.plist.xml; path = Info.plist; sourceTree = "<group>"; };
/* End PBXFileReference section */

/* Begin PBXFrameworksBuildPhase section */
		2519B327227C9D9D00F8A171 /* Frameworks */ = {
			isa = PBXFrameworksBuildPhase;
			buildActionMask = 2147483647;
			files = (
			);
			runOnlyForDeploymentPostprocessing = 0;
		};
		2519B33B227C9D9F00F8A171 /* Frameworks */ = {
			isa = PBXFrameworksBuildPhase;
			buildActionMask = 2147483647;
			files = (
			);
			runOnlyForDeploymentPostprocessing = 0;
		};
		2519B346227C9D9F00F8A171 /* Frameworks */ = {
			isa = PBXFrameworksBuildPhase;
			buildActionMask = 2147483647;
			files = (
			);
			runOnlyForDeploymentPostprocessing = 0;
		};
/* End PBXFrameworksBuildPhase section */

/* Begin PBXGroup section */
		2519B321227C9D9D00F8A171 = {
			isa = PBXGroup;
			children = (
				2519B32C227C9D9D00F8A171 /* Lottie-Example-Swift */,
				2519B341227C9D9F00F8A171 /* Lottie-Example-SwiftTests */,
				2519B34C227C9D9F00F8A171 /* Lottie-Example-SwiftUITests */,
				2519B32B227C9D9D00F8A171 /* Products */,
			);
			sourceTree = "<group>";
		};
		2519B32B227C9D9D00F8A171 /* Products */ = {
			isa = PBXGroup;
			children = (
				2519B32A227C9D9D00F8A171 /* Lottie-Example-Swift.app */,
				2519B33E227C9D9F00F8A171 /* Lottie-Example-SwiftTests.xctest */,
				2519B349227C9D9F00F8A171 /* Lottie-Example-SwiftUITests.xctest */,
			);
			name = Products;
			sourceTree = "<group>";
		};
		2519B32C227C9D9D00F8A171 /* Lottie-Example-Swift */ = {
			isa = PBXGroup;
			children = (
				2519B32D227C9D9D00F8A171 /* AppDelegate.swift */,
				2519B32F227C9D9D00F8A171 /* ViewController.swift */,
				2519B331227C9D9D00F8A171 /* Main.storyboard */,
				2519B334227C9D9F00F8A171 /* Assets.xcassets */,
				2519B336227C9D9F00F8A171 /* LaunchScreen.storyboard */,
				2519B339227C9D9F00F8A171 /* Info.plist */,
			);
			path = "Lottie-Example-Swift";
			sourceTree = "<group>";
		};
		2519B341227C9D9F00F8A171 /* Lottie-Example-SwiftTests */ = {
			isa = PBXGroup;
			children = (
				2519B342227C9D9F00F8A171 /* Lottie_Example_SwiftTests.swift */,
				2519B344227C9D9F00F8A171 /* Info.plist */,
			);
			path = "Lottie-Example-SwiftTests";
			sourceTree = "<group>";
		};
		2519B34C227C9D9F00F8A171 /* Lottie-Example-SwiftUITests */ = {
			isa = PBXGroup;
			children = (
				2519B34D227C9D9F00F8A171 /* Lottie_Example_SwiftUITests.swift */,
				2519B34F227C9D9F00F8A171 /* Info.plist */,
			);
			path = "Lottie-Example-SwiftUITests";
			sourceTree = "<group>";
		};
/* End PBXGroup section */

/* Begin PBXNativeTarget section */
		2519B329227C9D9D00F8A171 /* Lottie-Example-Swift */ = {
			isa = PBXNativeTarget;
			buildConfigurationList = 2519B352227C9D9F00F8A171 /* Build configuration list for PBXNativeTarget "Lottie-Example-Swift" */;
			buildPhases = (
				2519B326227C9D9D00F8A171 /* Sources */,
				2519B327227C9D9D00F8A171 /* Frameworks */,
				2519B328227C9D9D00F8A171 /* Resources */,
			);
			buildRules = (
			);
			dependencies = (
			);
			name = "Lottie-Example-Swift";
			productName = "Lottie-Example-Swift";
			productReference = 2519B32A227C9D9D00F8A171 /* Lottie-Example-Swift.app */;
			productType = "com.apple.product-type.application";
		};
		2519B33D227C9D9F00F8A171 /* Lottie-Example-SwiftTests */ = {
			isa = PBXNativeTarget;
			buildConfigurationList = 2519B355227C9D9F00F8A171 /* Build configuration list for PBXNativeTarget "Lottie-Example-SwiftTests" */;
			buildPhases = (
				2519B33A227C9D9F00F8A171 /* Sources */,
				2519B33B227C9D9F00F8A171 /* Frameworks */,
				2519B33C227C9D9F00F8A171 /* Resources */,
			);
			buildRules = (
			);
			dependencies = (
				2519B340227C9D9F00F8A171 /* PBXTargetDependency */,
			);
			name = "Lottie-Example-SwiftTests";
			productName = "Lottie-Example-SwiftTests";
			productReference = 2519B33E227C9D9F00F8A171 /* Lottie-Example-SwiftTests.xctest */;
			productType = "com.apple.product-type.bundle.unit-test";
		};
		2519B348227C9D9F00F8A171 /* Lottie-Example-SwiftUITests */ = {
			isa = PBXNativeTarget;
			buildConfigurationList = 2519B358227C9D9F00F8A171 /* Build configuration list for PBXNativeTarget "Lottie-Example-SwiftUITests" */;
			buildPhases = (
				2519B345227C9D9F00F8A171 /* Sources */,
				2519B346227C9D9F00F8A171 /* Frameworks */,
				2519B347227C9D9F00F8A171 /* Resources */,
			);
			buildRules = (
			);
			dependencies = (
				2519B34B227C9D9F00F8A171 /* PBXTargetDependency */,
			);
			name = "Lottie-Example-SwiftUITests";
			productName = "Lottie-Example-SwiftUITests";
			productReference = 2519B349227C9D9F00F8A171 /* Lottie-Example-SwiftUITests.xctest */;
			productType = "com.apple.product-type.bundle.ui-testing";
		};
/* End PBXNativeTarget section */

/* Begin PBXProject section */
		2519B322227C9D9D00F8A171 /* Project object */ = {
			isa = PBXProject;
			attributes = {
				LastSwiftUpdateCheck = 1020;
				LastUpgradeCheck = 1020;
				ORGANIZATIONNAME = Ting_SH;
				TargetAttributes = {
					2519B329227C9D9D00F8A171 = {
						CreatedOnToolsVersion = 10.2.1;
					};
					2519B33D227C9D9F00F8A171 = {
						CreatedOnToolsVersion = 10.2.1;
						TestTargetID = 2519B329227C9D9D00F8A171;
					};
					2519B348227C9D9F00F8A171 = {
						CreatedOnToolsVersion = 10.2.1;
						TestTargetID = 2519B329227C9D9D00F8A171;
					};
				};
			};
			buildConfigurationList = 2519B325227C9D9D00F8A171 /* Build configuration list for PBXProject "Lottie-Example-Swift" */;
			compatibilityVersion = "Xcode 9.3";
			developmentRegion = en;
			hasScannedForEncodings = 0;
			knownRegions = (
				en,
				Base,
			);
			mainGroup = 2519B321227C9D9D00F8A171;
			productRefGroup = 2519B32B227C9D9D00F8A171 /* Products */;
			projectDirPath = "";
			projectRoot = "";
			targets = (
				2519B329227C9D9D00F8A171 /* Lottie-Example-Swift */,
				2519B33D227C9D9F00F8A171 /* Lottie-Example-SwiftTests */,
				2519B348227C9D9F00F8A171 /* Lottie-Example-SwiftUITests */,
			);
		};
/* End PBXProject section */

/* Begin PBXResourcesBuildPhase section */
		2519B328227C9D9D00F8A171 /* Resources */ = {
			isa = PBXResourcesBuildPhase;
			buildActionMask = 2147483647;
			files = (
				2519B338227C9D9F00F8A171 /* LaunchScreen.storyboard in Resources */,
				2519B335227C9D9F00F8A171 /* Assets.xcassets in Resources */,
				2519B333227C9D9D00F8A171 /* Main.storyboard in Resources */,
			);
			runOnlyForDeploymentPostprocessing = 0;
		};
		2519B33C227C9D9F00F8A171 /* Resources */ = {
			isa = PBXResourcesBuildPhase;
			buildActionMask = 2147483647;
			files = (
			);
			runOnlyForDeploymentPostprocessing = 0;
		};
		2519B347227C9D9F00F8A171 /* Resources */ = {
			isa = PBXResourcesBuildPhase;
			buildActionMask = 2147483647;
			files = (
			);
			runOnlyForDeploymentPostprocessing = 0;
		};
/* End PBXResourcesBuildPhase section */

/* Begin PBXSourcesBuildPhase section */
		2519B326227C9D9D00F8A171 /* Sources */ = {
			isa = PBXSourcesBuildPhase;
			buildActionMask = 2147483647;
			files = (
				2519B330227C9D9D00F8A171 /* ViewController.swift in Sources */,
				2519B32E227C9D9D00F8A171 /* AppDelegate.swift in Sources */,
			);
			runOnlyForDeploymentPostprocessing = 0;
		};
		2519B33A227C9D9F00F8A171 /* Sources */ = {
			isa = PBXSourcesBuildPhase;
			buildActionMask = 2147483647;
			files = (
				2519B343227C9D9F00F8A171 /* Lottie_Example_SwiftTests.swift in Sources */,
			);
			runOnlyForDeploymentPostprocessing = 0;
		};
		2519B345227C9D9F00F8A171 /* Sources */ = {
			isa = PBXSourcesBuildPhase;
			buildActionMask = 2147483647;
			files = (
				2519B34E227C9D9F00F8A171 /* Lottie_Example_SwiftUITests.swift in Sources */,
			);
			runOnlyForDeploymentPostprocessing = 0;
		};
/* End PBXSourcesBuildPhase section */

/* Begin PBXTargetDependency section */
		2519B340227C9D9F00F8A171 /* PBXTargetDependency */ = {
			isa = PBXTargetDependency;
			target = 2519B329227C9D9D00F8A171 /* Lottie-Example-Swift */;
			targetProxy = 2519B33F227C9D9F00F8A171 /* PBXContainerItemProxy */;
		};
		2519B34B227C9D9F00F8A171 /* PBXTargetDependency */ = {
			isa = PBXTargetDependency;
			target = 2519B329227C9D9D00F8A171 /* Lottie-Example-Swift */;
			targetProxy = 2519B34A227C9D9F00F8A171 /* PBXContainerItemProxy */;
		};
/* End PBXTargetDependency section */

/* Begin PBXVariantGroup section */
		2519B331227C9D9D00F8A171 /* Main.storyboard */ = {
			isa = PBXVariantGroup;
			children = (
				2519B332227C9D9D00F8A171 /* Base */,
			);
			name = Main.storyboard;
			sourceTree = "<group>";
		};
		2519B336227C9D9F00F8A171 /* LaunchScreen.storyboard */ = {
			isa = PBXVariantGroup;
			children = (
				2519B337227C9D9F00F8A171 /* Base */,
			);
			name = LaunchScreen.storyboard;
			sourceTree = "<group>";
		};
/* End PBXVariantGroup section */

/* Begin XCBuildConfiguration section */
		2519B350227C9D9F00F8A171 /* Debug */ = {
			isa = XCBuildConfiguration;
			buildSettings = {
				ALWAYS_SEARCH_USER_PATHS = NO;
				CLANG_ANALYZER_NONNULL = YES;
				CLANG_ANALYZER_NUMBER_OBJECT_CONVERSION = YES_AGGRESSIVE;
				CLANG_CXX_LANGUAGE_STANDARD = "gnu++14";
				CLANG_CXX_LIBRARY = "libc++";
				CLANG_ENABLE_MODULES = YES;
				CLANG_ENABLE_OBJC_ARC = YES;
				CLANG_ENABLE_OBJC_WEAK = YES;
				CLANG_WARN_BLOCK_CAPTURE_AUTORELEASING = YES;
				CLANG_WARN_BOOL_CONVERSION = YES;
				CLANG_WARN_COMMA = YES;
				CLANG_WARN_CONSTANT_CONVERSION = YES;
				CLANG_WARN_DEPRECATED_OBJC_IMPLEMENTATIONS = YES;
				CLANG_WARN_DIRECT_OBJC_ISA_USAGE = YES_ERROR;
				CLANG_WARN_DOCUMENTATION_COMMENTS = YES;
				CLANG_WARN_EMPTY_BODY = YES;
				CLANG_WARN_ENUM_CONVERSION = YES;
				CLANG_WARN_INFINITE_RECURSION = YES;
				CLANG_WARN_INT_CONVERSION = YES;
				CLANG_WARN_NON_LITERAL_NULL_CONVERSION = YES;
				CLANG_WARN_OBJC_IMPLICIT_RETAIN_SELF = YES;
				CLANG_WARN_OBJC_LITERAL_CONVERSION = YES;
				CLANG_WARN_OBJC_ROOT_CLASS = YES_ERROR;
				CLANG_WARN_RANGE_LOOP_ANALYSIS = YES;
				CLANG_WARN_STRICT_PROTOTYPES = YES;
				CLANG_WARN_SUSPICIOUS_MOVE = YES;
				CLANG_WARN_UNGUARDED_AVAILABILITY = YES_AGGRESSIVE;
				CLANG_WARN_UNREACHABLE_CODE = YES;
				CLANG_WARN__DUPLICATE_METHOD_MATCH = YES;
				CODE_SIGN_IDENTITY = "iPhone Developer";
				COPY_PHASE_STRIP = NO;
				DEBUG_INFORMATION_FORMAT = dwarf;
				ENABLE_STRICT_OBJC_MSGSEND = YES;
				ENABLE_TESTABILITY = YES;
				GCC_C_LANGUAGE_STANDARD = gnu11;
				GCC_DYNAMIC_NO_PIC = NO;
				GCC_NO_COMMON_BLOCKS = YES;
				GCC_OPTIMIZATION_LEVEL = 0;
				GCC_PREPROCESSOR_DEFINITIONS = (
					"DEBUG=1",
					"$(inherited)",
				);
				GCC_WARN_64_TO_32_BIT_CONVERSION = YES;
				GCC_WARN_ABOUT_RETURN_TYPE = YES_ERROR;
				GCC_WARN_UNDECLARED_SELECTOR = YES;
				GCC_WARN_UNINITIALIZED_AUTOS = YES_AGGRESSIVE;
				GCC_WARN_UNUSED_FUNCTION = YES;
				GCC_WARN_UNUSED_VARIABLE = YES;
				IPHONEOS_DEPLOYMENT_TARGET = 12.2;
				MTL_ENABLE_DEBUG_INFO = INCLUDE_SOURCE;
				MTL_FAST_MATH = YES;
				ONLY_ACTIVE_ARCH = YES;
				SDKROOT = iphoneos;
				SWIFT_ACTIVE_COMPILATION_CONDITIONS = DEBUG;
				SWIFT_OPTIMIZATION_LEVEL = "-Onone";
			};
			name = Debug;
		};
		2519B351227C9D9F00F8A171 /* Release */ = {
			isa = XCBuildConfiguration;
			buildSettings = {
				ALWAYS_SEARCH_USER_PATHS = NO;
				CLANG_ANALYZER_NONNULL = YES;
				CLANG_ANALYZER_NUMBER_OBJECT_CONVERSION = YES_AGGRESSIVE;
				CLANG_CXX_LANGUAGE_STANDARD = "gnu++14";
				CLANG_CXX_LIBRARY = "libc++";
				CLANG_ENABLE_MODULES = YES;
				CLANG_ENABLE_OBJC_ARC = YES;
				CLANG_ENABLE_OBJC_WEAK = YES;
				CLANG_WARN_BLOCK_CAPTURE_AUTORELEASING = YES;
				CLANG_WARN_BOOL_CONVERSION = YES;
				CLANG_WARN_COMMA = YES;
				CLANG_WARN_CONSTANT_CONVERSION = YES;
				CLANG_WARN_DEPRECATED_OBJC_IMPLEMENTATIONS = YES;
				CLANG_WARN_DIRECT_OBJC_ISA_USAGE = YES_ERROR;
				CLANG_WARN_DOCUMENTATION_COMMENTS = YES;
				CLANG_WARN_EMPTY_BODY = YES;
				CLANG_WARN_ENUM_CONVERSION = YES;
				CLANG_WARN_INFINITE_RECURSION = YES;
				CLANG_WARN_INT_CONVERSION = YES;
				CLANG_WARN_NON_LITERAL_NULL_CONVERSION = YES;
				CLANG_WARN_OBJC_IMPLICIT_RETAIN_SELF = YES;
				CLANG_WARN_OBJC_LITERAL_CONVERSION = YES;
				CLANG_WARN_OBJC_ROOT_CLASS = YES_ERROR;
				CLANG_WARN_RANGE_LOOP_ANALYSIS = YES;
				CLANG_WARN_STRICT_PROTOTYPES = YES;
				CLANG_WARN_SUSPICIOUS_MOVE = YES;
				CLANG_WARN_UNGUARDED_AVAILABILITY = YES_AGGRESSIVE;
				CLANG_WARN_UNREACHABLE_CODE = YES;
				CLANG_WARN__DUPLICATE_METHOD_MATCH = YES;
				CODE_SIGN_IDENTITY = "iPhone Developer";
				COPY_PHASE_STRIP = NO;
				DEBUG_INFORMATION_FORMAT = "dwarf-with-dsym";
				ENABLE_NS_ASSERTIONS = NO;
				ENABLE_STRICT_OBJC_MSGSEND = YES;
				GCC_C_LANGUAGE_STANDARD = gnu11;
				GCC_NO_COMMON_BLOCKS = YES;
				GCC_WARN_64_TO_32_BIT_CONVERSION = YES;
				GCC_WARN_ABOUT_RETURN_TYPE = YES_ERROR;
				GCC_WARN_UNDECLARED_SELECTOR = YES;
				GCC_WARN_UNINITIALIZED_AUTOS = YES_AGGRESSIVE;
				GCC_WARN_UNUSED_FUNCTION = YES;
				GCC_WARN_UNUSED_VARIABLE = YES;
				IPHONEOS_DEPLOYMENT_TARGET = 12.2;
				MTL_ENABLE_DEBUG_INFO = NO;
				MTL_FAST_MATH = YES;
				SDKROOT = iphoneos;
				SWIFT_COMPILATION_MODE = wholemodule;
				SWIFT_OPTIMIZATION_LEVEL = "-O";
				VALIDATE_PRODUCT = YES;
			};
			name = Release;
		};
		2519B353227C9D9F00F8A171 /* Debug */ = {
			isa = XCBuildConfiguration;
			buildSettings = {
				ASSETCATALOG_COMPILER_APPICON_NAME = AppIcon;
				CODE_SIGN_STYLE = Automatic;
				INFOPLIST_FILE = "Lottie-Example-Swift/Info.plist";
				LD_RUNPATH_SEARCH_PATHS = (
					"$(inherited)",
					"@executable_path/Frameworks",
				);
				PRODUCT_BUNDLE_IDENTIFIER = "workspace.Lottie-Example-Swift";
				PRODUCT_NAME = "$(TARGET_NAME)";
				SWIFT_VERSION = 5.0;
				TARGETED_DEVICE_FAMILY = "1,2";
			};
			name = Debug;
		};
		2519B354227C9D9F00F8A171 /* Release */ = {
			isa = XCBuildConfiguration;
			buildSettings = {
				ASSETCATALOG_COMPILER_APPICON_NAME = AppIcon;
				CODE_SIGN_STYLE = Automatic;
				INFOPLIST_FILE = "Lottie-Example-Swift/Info.plist";
				LD_RUNPATH_SEARCH_PATHS = (
					"$(inherited)",
					"@executable_path/Frameworks",
				);
				PRODUCT_BUNDLE_IDENTIFIER = "workspace.Lottie-Example-Swift";
				PRODUCT_NAME = "$(TARGET_NAME)";
				SWIFT_VERSION = 5.0;
				TARGETED_DEVICE_FAMILY = "1,2";
			};
			name = Release;
		};
		2519B356227C9D9F00F8A171 /* Debug */ = {
			isa = XCBuildConfiguration;
			buildSettings = {
				ALWAYS_EMBED_SWIFT_STANDARD_LIBRARIES = YES;
				BUNDLE_LOADER = "$(TEST_HOST)";
				CODE_SIGN_STYLE = Automatic;
				INFOPLIST_FILE = "Lottie-Example-SwiftTests/Info.plist";
				LD_RUNPATH_SEARCH_PATHS = (
					"$(inherited)",
					"@executable_path/Frameworks",
					"@loader_path/Frameworks",
				);
				PRODUCT_BUNDLE_IDENTIFIER = "workspace.Lottie-Example-SwiftTests";
				PRODUCT_NAME = "$(TARGET_NAME)";
				SWIFT_VERSION = 5.0;
				TARGETED_DEVICE_FAMILY = "1,2";
				TEST_HOST = "$(BUILT_PRODUCTS_DIR)/Lottie-Example-Swift.app/Lottie-Example-Swift";
			};
			name = Debug;
		};
		2519B357227C9D9F00F8A171 /* Release */ = {
			isa = XCBuildConfiguration;
			buildSettings = {
				ALWAYS_EMBED_SWIFT_STANDARD_LIBRARIES = YES;
				BUNDLE_LOADER = "$(TEST_HOST)";
				CODE_SIGN_STYLE = Automatic;
				INFOPLIST_FILE = "Lottie-Example-SwiftTests/Info.plist";
				LD_RUNPATH_SEARCH_PATHS = (
					"$(inherited)",
					"@executable_path/Frameworks",
					"@loader_path/Frameworks",
				);
				PRODUCT_BUNDLE_IDENTIFIER = "workspace.Lottie-Example-SwiftTests";
				PRODUCT_NAME = "$(TARGET_NAME)";
				SWIFT_VERSION = 5.0;
				TARGETED_DEVICE_FAMILY = "1,2";
				TEST_HOST = "$(BUILT_PRODUCTS_DIR)/Lottie-Example-Swift.app/Lottie-Example-Swift";
			};
			name = Release;
		};
		2519B359227C9D9F00F8A171 /* Debug */ = {
			isa = XCBuildConfiguration;
			buildSettings = {
				ALWAYS_EMBED_SWIFT_STANDARD_LIBRARIES = YES;
				CODE_SIGN_STYLE = Automatic;
				INFOPLIST_FILE = "Lottie-Example-SwiftUITests/Info.plist";
				LD_RUNPATH_SEARCH_PATHS = (
					"$(inherited)",
					"@executable_path/Frameworks",
					"@loader_path/Frameworks",
				);
				PRODUCT_BUNDLE_IDENTIFIER = "workspace.Lottie-Example-SwiftUITests";
				PRODUCT_NAME = "$(TARGET_NAME)";
				SWIFT_VERSION = 5.0;
				TARGETED_DEVICE_FAMILY = "1,2";
				TEST_TARGET_NAME = "Lottie-Example-Swift";
			};
			name = Debug;
		};
		2519B35A227C9D9F00F8A171 /* Release */ = {
			isa = XCBuildConfiguration;
			buildSettings = {
				ALWAYS_EMBED_SWIFT_STANDARD_LIBRARIES = YES;
				CODE_SIGN_STYLE = Automatic;
				INFOPLIST_FILE = "Lottie-Example-SwiftUITests/Info.plist";
				LD_RUNPATH_SEARCH_PATHS = (
					"$(inherited)",
					"@executable_path/Frameworks",
					"@loader_path/Frameworks",
				);
				PRODUCT_BUNDLE_IDENTIFIER = "workspace.Lottie-Example-SwiftUITests";
				PRODUCT_NAME = "$(TARGET_NAME)";
				SWIFT_VERSION = 5.0;
				TARGETED_DEVICE_FAMILY = "1,2";
				TEST_TARGET_NAME = "Lottie-Example-Swift";
			};
			name = Release;
		};
/* End XCBuildConfiguration section */

/* Begin XCConfigurationList section */
		2519B325227C9D9D00F8A171 /* Build configuration list for PBXProject "Lottie-Example-Swift" */ = {
			isa = XCConfigurationList;
			buildConfigurations = (
				2519B350227C9D9F00F8A171 /* Debug */,
				2519B351227C9D9F00F8A171 /* Release */,
			);
			defaultConfigurationIsVisible = 0;
			defaultConfigurationName = Release;
		};
		2519B352227C9D9F00F8A171 /* Build configuration list for PBXNativeTarget "Lottie-Example-Swift" */ = {
			isa = XCConfigurationList;
			buildConfigurations = (
				2519B353227C9D9F00F8A171 /* Debug */,
				2519B354227C9D9F00F8A171 /* Release */,
			);
			defaultConfigurationIsVisible = 0;
			defaultConfigurationName = Release;
		};
		2519B355227C9D9F00F8A171 /* Build configuration list for PBXNativeTarget "Lottie-Example-SwiftTests" */ = {
			isa = XCConfigurationList;
			buildConfigurations = (
				2519B356227C9D9F00F8A171 /* Debug */,
				2519B357227C9D9F00F8A171 /* Release */,
			);
			defaultConfigurationIsVisible = 0;
			defaultConfigurationName = Release;
		};
		2519B358227C9D9F00F8A171 /* Build configuration list for PBXNativeTarget "Lottie-Example-SwiftUITests" */ = {
			isa = XCConfigurationList;
			buildConfigurations = (
				2519B359227C9D9F00F8A171 /* Debug */,
				2519B35A227C9D9F00F8A171 /* Release */,
			);
			defaultConfigurationIsVisible = 0;
			defaultConfigurationName = Release;
		};
/* End XCConfigurationList section */
	};
	rootObject = 2519B322227C9D9D00F8A171 /* Project object */;
}
